// !$*UTF8*$!
{
	archiveVersion = 1;
	classes = {
	};
	objectVersion = 77;
	objects = {

/* Begin PBXBuildFile section */
		33C1161C2E8BD010009E2E98 /* OpenAPIRuntime in Frameworks */ = {isa = PBXBuildFile; productRef = 33C1161B2E8BD010009E2E98 /* OpenAPIRuntime */; };
		33C1161F2E8BD028009E2E98 /* OpenAPIURLSession in Frameworks */ = {isa = PBXBuildFile; productRef = 33C1161E2E8BD028009E2E98 /* OpenAPIURLSession */; };
		33D0B0012E8C000100000001 /* Travel Schedule/Travel_ScheduleApp.swift in Sources */ = {isa = PBXBuildFile; fileRef = 33D0A0012E8C000100000001 /* Travel Schedule/Travel_ScheduleApp.swift */; };
		33D0B0022E8C000100000002 /* Travel Schedule/Views/ContentView.swift in Sources */ = {isa = PBXBuildFile; fileRef = 33D0A0022E8C000100000002 /* Travel Schedule/Views/ContentView.swift */; };
		33D0B0032E8C000100000003 /* Travel Schedule/Services/AllStationsService.swift in Sources */ = {isa = PBXBuildFile; fileRef = 33D0A0032E8C000100000003 /* Travel Schedule/Services/AllStationsService.swift */; };
		33D0B0042E8C000100000004 /* Travel Schedule/Services/CarrierService.swift in Sources */ = {isa = PBXBuildFile; fileRef = 33D0A0042E8C000100000004 /* Travel Schedule/Services/CarrierService.swift */; };
		33D0B0052E8C000100000005 /* Travel Schedule/Services/CopyrightService.swift in Sources */ = {isa = PBXBuildFile; fileRef = 33D0A0052E8C000100000005 /* Travel Schedule/Services/CopyrightService.swift */; };
		33D0B0062E8C000100000006 /* Travel Schedule/Services/NearestCityService.swift in Sources */ = {isa = PBXBuildFile; fileRef = 33D0A0062E8C000100000006 /* Travel Schedule/Services/NearestCityService.swift */; };
		33D0B0072E8C000100000007 /* Travel Schedule/Services/NearestStationsService.swift in Sources */ = {isa = PBXBuildFile; fileRef = 33D0A0072E8C000100000007 /* Travel Schedule/Services/NearestStationsService.swift */; };
		33D0B0082E8C000100000008 /* Travel Schedule/Services/ScheduleService.swift in Sources */ = {isa = PBXBuildFile; fileRef = 33D0A0082E8C000100000008 /* Travel Schedule/Services/ScheduleService.swift */; };
		33D0B0092E8C000100000009 /* Travel Schedule/Services/SearchService.swift in Sources */ = {isa = PBXBuildFile; fileRef = 33D0A0092E8C000100000009 /* Travel Schedule/Services/SearchService.swift */; };
		33D0B00A2E8C00010000000A /* Travel Schedule/Services/ThreadService.swift in Sources */ = {isa = PBXBuildFile; fileRef = 33D0A00A2E8C00010000000A /* Travel Schedule/Services/ThreadService.swift */; };
		33D0B00B2E8C00010000000B /* Travel Schedule/Generated/Client.swift in Sources */ = {isa = PBXBuildFile; fileRef = 33D0A00B2E8C00010000000B /* Travel Schedule/Generated/Client.swift */; };
		33D0B00C2E8C00010000000C /* Travel Schedule/Generated/Types.swift in Sources */ = {isa = PBXBuildFile; fileRef = 33D0A00C2E8C00010000000C /* Travel Schedule/Generated/Types.swift */; };
		33D0B00F2E8C00010000000F /* Travel Schedule/Views/MainScreenView.swift in Sources */ = {isa = PBXBuildFile; fileRef = 33D0A00F2E8C00010000000F /* Travel Schedule/Views/MainScreenView.swift */; };
		33D0B0102E8C000100000010 /* Travel Schedule/Assets.xcassets in Resources */ = {isa = PBXBuildFile; fileRef = 33D0A0102E8C000100000010 /* Travel Schedule/Assets.xcassets */; };
		33D0B0112E8C000100000011 /* Travel Schedule/Views/SettingsScreenView.swift in Sources */ = {isa = PBXBuildFile; fileRef = 33D0A0112E8C000100000011 /* Travel Schedule/Views/SettingsScreenView.swift */; };
		33D0B0122E8C000100000012 /* Travel Schedule/Services/DirectoryService.swift in Sources */ = {isa = PBXBuildFile; fileRef = 33D0A0122E8C000100000012 /* Travel Schedule/Services/DirectoryService.swift */; };
		33D0B0132E8C000100000013 /* Travel Schedule/LaunchScreen.storyboard in Resources */ = {isa = PBXBuildFile; fileRef = 33D0A0132E8C000100000013 /* Travel Schedule/LaunchScreen.storyboard */; };
		33D0B0142E8C000100000014 /* Travel Schedule/Views/CarriersViewModel.swift in Sources */ = {isa = PBXBuildFile; fileRef = 33D0A0142E8C000100000014 /* Travel Schedule/Views/CarriersViewModel.swift */; };
		33D0B0152E8C000100000015 /* Travel Schedule/Views/CarrierCardView.swift in Sources */ = {isa = PBXBuildFile; fileRef = 33D0A0152E8C000100000015 /* Travel Schedule/Views/CarrierCardView.swift */; };
		33D0B0162E8C000100000016 /* Travel Schedule/Views/CarriersScreenView.swift in Sources */ = {isa = PBXBuildFile; fileRef = 33D0A0162E8C000100000016 /* Travel Schedule/Views/CarriersScreenView.swift */; };
/* End PBXBuildFile section */

/* Begin PBXContainerItemProxy section */
		33238C932E8A7DC300002BCC /* PBXContainerItemProxy */ = {
			isa = PBXContainerItemProxy;
			containerPortal = 33238C7A2E8A7DC100002BCC /* Project object */;
			proxyType = 1;
			remoteGlobalIDString = 33238C812E8A7DC100002BCC;
			remoteInfo = "Travel Schedule";
		};
		33238C9D2E8A7DC300002BCC /* PBXContainerItemProxy */ = {
			isa = PBXContainerItemProxy;
			containerPortal = 33238C7A2E8A7DC100002BCC /* Project object */;
			proxyType = 1;
			remoteGlobalIDString = 33238C812E8A7DC100002BCC;
			remoteInfo = "Travel Schedule";
		};
/* End PBXContainerItemProxy section */

/* Begin PBXFileReference section */
		33238C822E8A7DC100002BCC /* Travel Schedule.app */ = {isa = PBXFileReference; explicitFileType = wrapper.application; includeInIndex = 0; path = "Travel Schedule.app"; sourceTree = BUILT_PRODUCTS_DIR; };
		33238C922E8A7DC300002BCC /* Travel ScheduleTests.xctest */ = {isa = PBXFileReference; explicitFileType = wrapper.cfbundle; includeInIndex = 0; path = "Travel ScheduleTests.xctest"; sourceTree = BUILT_PRODUCTS_DIR; };
		33238C9C2E8A7DC300002BCC /* Travel ScheduleUITests.xctest */ = {isa = PBXFileReference; explicitFileType = wrapper.cfbundle; includeInIndex = 0; path = "Travel ScheduleUITests.xctest"; sourceTree = BUILT_PRODUCTS_DIR; };
		33D0A0012E8C000100000001 /* Travel Schedule/Travel_ScheduleApp.swift */ = {isa = PBXFileReference; lastKnownFileType = sourcecode.swift; path = "Travel Schedule/Travel_ScheduleApp.swift"; sourceTree = SOURCE_ROOT; };
		33D0A0022E8C000100000002 /* Travel Schedule/Views/ContentView.swift */ = {isa = PBXFileReference; lastKnownFileType = sourcecode.swift; path = "Travel Schedule/Views/ContentView.swift"; sourceTree = SOURCE_ROOT; };
		33D0A0032E8C000100000003 /* Travel Schedule/Services/AllStationsService.swift */ = {isa = PBXFileReference; lastKnownFileType = sourcecode.swift; path = "Travel Schedule/Services/AllStationsService.swift"; sourceTree = SOURCE_ROOT; };
		33D0A0042E8C000100000004 /* Travel Schedule/Services/CarrierService.swift */ = {isa = PBXFileReference; lastKnownFileType = sourcecode.swift; path = "Travel Schedule/Services/CarrierService.swift"; sourceTree = SOURCE_ROOT; };
		33D0A0052E8C000100000005 /* Travel Schedule/Services/CopyrightService.swift */ = {isa = PBXFileReference; lastKnownFileType = sourcecode.swift; path = "Travel Schedule/Services/CopyrightService.swift"; sourceTree = SOURCE_ROOT; };
		33D0A0062E8C000100000006 /* Travel Schedule/Services/NearestCityService.swift */ = {isa = PBXFileReference; lastKnownFileType = sourcecode.swift; path = "Travel Schedule/Services/NearestCityService.swift"; sourceTree = SOURCE_ROOT; };
		33D0A0072E8C000100000007 /* Travel Schedule/Services/NearestStationsService.swift */ = {isa = PBXFileReference; lastKnownFileType = sourcecode.swift; path = "Travel Schedule/Services/NearestStationsService.swift"; sourceTree = SOURCE_ROOT; };
		33D0A0082E8C000100000008 /* Travel Schedule/Services/ScheduleService.swift */ = {isa = PBXFileReference; lastKnownFileType = sourcecode.swift; path = "Travel Schedule/Services/ScheduleService.swift"; sourceTree = SOURCE_ROOT; };
		33D0A0092E8C000100000009 /* Travel Schedule/Services/SearchService.swift */ = {isa = PBXFileReference; lastKnownFileType = sourcecode.swift; path = "Travel Schedule/Services/SearchService.swift"; sourceTree = SOURCE_ROOT; };
		33D0A00A2E8C00010000000A /* Travel Schedule/Services/ThreadService.swift */ = {isa = PBXFileReference; lastKnownFileType = sourcecode.swift; path = "Travel Schedule/Services/ThreadService.swift"; sourceTree = SOURCE_ROOT; };
		33D0A00B2E8C00010000000B /* Travel Schedule/Generated/Client.swift */ = {isa = PBXFileReference; lastKnownFileType = sourcecode.swift; path = "Travel Schedule/Generated/Client.swift"; sourceTree = SOURCE_ROOT; };
		33D0A00C2E8C00010000000C /* Travel Schedule/Generated/Types.swift */ = {isa = PBXFileReference; lastKnownFileType = sourcecode.swift; path = "Travel Schedule/Generated/Types.swift"; sourceTree = SOURCE_ROOT; };
		33D0A00F2E8C00010000000F /* Travel Schedule/Views/MainScreenView.swift */ = {isa = PBXFileReference; lastKnownFileType = sourcecode.swift; path = "Travel Schedule/Views/MainScreenView.swift"; sourceTree = SOURCE_ROOT; };
		33D0A0102E8C000100000010 /* Travel Schedule/Assets.xcassets */ = {isa = PBXFileReference; lastKnownFileType = folder.assetcatalog; path = "Travel Schedule/Assets.xcassets"; sourceTree = SOURCE_ROOT; };
		33D0A0112E8C000100000011 /* Travel Schedule/Views/SettingsScreenView.swift */ = {isa = PBXFileReference; lastKnownFileType = sourcecode.swift; path = "Travel Schedule/Views/SettingsScreenView.swift"; sourceTree = SOURCE_ROOT; };
		33D0A0122E8C000100000012 /* Travel Schedule/Services/DirectoryService.swift */ = {isa = PBXFileReference; lastKnownFileType = sourcecode.swift; path = "Travel Schedule/Services/DirectoryService.swift"; sourceTree = SOURCE_ROOT; };
		33D0A0132E8C000100000013 /* Travel Schedule/LaunchScreen.storyboard */ = {isa = PBXFileReference; lastKnownFileType = file.storyboard; path = "Travel Schedule/LaunchScreen.storyboard"; sourceTree = SOURCE_ROOT; };
		33D0A0142E8C000100000014 /* Travel Schedule/Views/CarriersViewModel.swift */ = {isa = PBXFileReference; lastKnownFileType = sourcecode.swift; path = "Travel Schedule/Views/CarriersViewModel.swift"; sourceTree = SOURCE_ROOT; };
		33D0A0152E8C000100000015 /* Travel Schedule/Views/CarrierCardView.swift */ = {isa = PBXFileReference; lastKnownFileType = sourcecode.swift; path = "Travel Schedule/Views/CarrierCardView.swift"; sourceTree = SOURCE_ROOT; };
		33D0A0162E8C000100000016 /* Travel Schedule/Views/CarriersScreenView.swift */ = {isa = PBXFileReference; lastKnownFileType = sourcecode.swift; path = "Travel Schedule/Views/CarriersScreenView.swift"; sourceTree = SOURCE_ROOT; };
/* End PBXFileReference section */

/* Begin PBXFileSystemSynchronizedRootGroup section */
		33238C842E8A7DC100002BCC /* Travel Schedule */ = {
			isa = PBXFileSystemSynchronizedRootGroup;
			path = "Travel Schedule";
			sourceTree = "<group>";
		};
		33238C952E8A7DC300002BCC /* Travel ScheduleTests */ = {
			isa = PBXFileSystemSynchronizedRootGroup;
			path = "Travel ScheduleTests";
			sourceTree = "<group>";
		};
		33238C9F2E8A7DC300002BCC /* Travel ScheduleUITests */ = {
			isa = PBXFileSystemSynchronizedRootGroup;
			path = "Travel ScheduleUITests";
			sourceTree = "<group>";
		};
/* End PBXFileSystemSynchronizedRootGroup section */

/* Begin PBXFrameworksBuildPhase section */
		33238C7F2E8A7DC100002BCC /* Frameworks */ = {
			isa = PBXFrameworksBuildPhase;
			buildActionMask = 2147483647;
			files = (
				33C1161F2E8BD028009E2E98 /* OpenAPIURLSession in Frameworks */,
				33C1161C2E8BD010009E2E98 /* OpenAPIRuntime in Frameworks */,
			);
			runOnlyForDeploymentPostprocessing = 0;
		};
		33238C8F2E8A7DC300002BCC /* Frameworks */ = {
			isa = PBXFrameworksBuildPhase;
			buildActionMask = 2147483647;
			files = (
			);
			runOnlyForDeploymentPostprocessing = 0;
		};
		33238C992E8A7DC300002BCC /* Frameworks */ = {
			isa = PBXFrameworksBuildPhase;
			buildActionMask = 2147483647;
			files = (
			);
			runOnlyForDeploymentPostprocessing = 0;
		};
/* End PBXFrameworksBuildPhase section */

/* Begin PBXGroup section */
		33238C792E8A7DC100002BCC = {
			isa = PBXGroup;
			children = (
				33238C842E8A7DC100002BCC /* Travel Schedule */,
				33238C952E8A7DC300002BCC /* Travel ScheduleTests */,
				33238C9F2E8A7DC300002BCC /* Travel ScheduleUITests */,
				33238C832E8A7DC100002BCC /* Products */,
				3394D7442E903A610091FC7B /* Recovered References */,
			);
			sourceTree = "<group>";
		};
		33238C832E8A7DC100002BCC /* Products */ = {
			isa = PBXGroup;
			children = (
				33238C822E8A7DC100002BCC /* Travel Schedule.app */,
				33238C922E8A7DC300002BCC /* Travel ScheduleTests.xctest */,
				33238C9C2E8A7DC300002BCC /* Travel ScheduleUITests.xctest */,
			);
			name = Products;
			sourceTree = "<group>";
		};
		3394D7442E903A610091FC7B /* Recovered References */ = {
			isa = PBXGroup;
			children = (
				33D0A0012E8C000100000001 /* Travel Schedule/Travel_ScheduleApp.swift */,
				33D0A0022E8C000100000002 /* Travel Schedule/Views/ContentView.swift */,
				33D0A0032E8C000100000003 /* Travel Schedule/Services/AllStationsService.swift */,
				33D0A0042E8C000100000004 /* Travel Schedule/Services/CarrierService.swift */,
				33D0A0052E8C000100000005 /* Travel Schedule/Services/CopyrightService.swift */,
				33D0A0062E8C000100000006 /* Travel Schedule/Services/NearestCityService.swift */,
				33D0A0072E8C000100000007 /* Travel Schedule/Services/NearestStationsService.swift */,
				33D0A0082E8C000100000008 /* Travel Schedule/Services/ScheduleService.swift */,
				33D0A0092E8C000100000009 /* Travel Schedule/Services/SearchService.swift */,
				33D0A00A2E8C00010000000A /* Travel Schedule/Services/ThreadService.swift */,
				33D0A00B2E8C00010000000B /* Travel Schedule/Generated/Client.swift */,
				33D0A00C2E8C00010000000C /* Travel Schedule/Generated/Types.swift */,
				33D0A00F2E8C00010000000F /* Travel Schedule/Views/MainScreenView.swift */,
				33D0A0102E8C000100000010 /* Travel Schedule/Assets.xcassets */,
				33D0A0112E8C000100000011 /* Travel Schedule/Views/SettingsScreenView.swift */,
				33D0A0122E8C000100000012 /* Travel Schedule/Services/DirectoryService.swift */,
				33D0A0132E8C000100000013 /* Travel Schedule/LaunchScreen.storyboard */,
			);
			name = "Recovered References";
			sourceTree = "<group>";
		};
/* End PBXGroup section */

/* Begin PBXNativeTarget section */
		33238C812E8A7DC100002BCC /* Travel Schedule */ = {
			isa = PBXNativeTarget;
			buildConfigurationList = 33238CA62E8A7DC300002BCC /* Build configuration list for PBXNativeTarget "Travel Schedule" */;
			buildPhases = (
				33238C7E2E8A7DC100002BCC /* Sources */,
				33238C7F2E8A7DC100002BCC /* Frameworks */,
				33238C802E8A7DC100002BCC /* Resources */,
			);
			buildRules = (
			);
			dependencies = (
			);
			name = "Travel Schedule";
			packageProductDependencies = (
				33C1161B2E8BD010009E2E98 /* OpenAPIRuntime */,
				33C1161E2E8BD028009E2E98 /* OpenAPIURLSession */,
			);
			productName = "Travel Schedule";
			productReference = 33238C822E8A7DC100002BCC /* Travel Schedule.app */;
			productType = "com.apple.product-type.application";
		};
		33238C912E8A7DC300002BCC /* Travel ScheduleTests */ = {
			isa = PBXNativeTarget;
			buildConfigurationList = 33238CA92E8A7DC300002BCC /* Build configuration list for PBXNativeTarget "Travel ScheduleTests" */;
			buildPhases = (
				33238C8E2E8A7DC300002BCC /* Sources */,
				33238C8F2E8A7DC300002BCC /* Frameworks */,
				33238C902E8A7DC300002BCC /* Resources */,
			);
			buildRules = (
			);
			dependencies = (
				33238C942E8A7DC300002BCC /* PBXTargetDependency */,
			);
			name = "Travel ScheduleTests";
			packageProductDependencies = (
			);
			productName = "Travel ScheduleTests";
			productReference = 33238C922E8A7DC300002BCC /* Travel ScheduleTests.xctest */;
			productType = "com.apple.product-type.bundle.unit-test";
		};
		33238C9B2E8A7DC300002BCC /* Travel ScheduleUITests */ = {
			isa = PBXNativeTarget;
			buildConfigurationList = 33238CAC2E8A7DC300002BCC /* Build configuration list for PBXNativeTarget "Travel ScheduleUITests" */;
			buildPhases = (
				33238C982E8A7DC300002BCC /* Sources */,
				33238C992E8A7DC300002BCC /* Frameworks */,
				33238C9A2E8A7DC300002BCC /* Resources */,
			);
			buildRules = (
			);
			dependencies = (
				33238C9E2E8A7DC300002BCC /* PBXTargetDependency */,
			);
			name = "Travel ScheduleUITests";
			packageProductDependencies = (
			);
			productName = "Travel ScheduleUITests";
			productReference = 33238C9C2E8A7DC300002BCC /* Travel ScheduleUITests.xctest */;
			productType = "com.apple.product-type.bundle.ui-testing";
		};
/* End PBXNativeTarget section */

/* Begin PBXProject section */
		33238C7A2E8A7DC100002BCC /* Project object */ = {
			isa = PBXProject;
			attributes = {
				BuildIndependentTargetsInParallel = 1;
				LastSwiftUpdateCheck = 1620;
				LastUpgradeCheck = 1620;
				TargetAttributes = {
					33238C812E8A7DC100002BCC = {
						CreatedOnToolsVersion = 16.2;
					};
					33238C912E8A7DC300002BCC = {
						CreatedOnToolsVersion = 16.2;
						TestTargetID = 33238C812E8A7DC100002BCC;
					};
					33238C9B2E8A7DC300002BCC = {
						CreatedOnToolsVersion = 16.2;
						TestTargetID = 33238C812E8A7DC100002BCC;
					};
				};
			};
			buildConfigurationList = 33238C7D2E8A7DC100002BCC /* Build configuration list for PBXProject "Travel Schedule" */;
			developmentRegion = en;
			hasScannedForEncodings = 0;
			knownRegions = (
				en,
				Base,
			);
			mainGroup = 33238C792E8A7DC100002BCC;
			minimizedProjectReferenceProxies = 1;
			packageReferences = (
				33C1161A2E8BD010009E2E98 /* XCRemoteSwiftPackageReference "swift-openapi-runtime" */,
				33C1161D2E8BD028009E2E98 /* XCRemoteSwiftPackageReference "swift-openapi-urlsession" */,
				33C1162A2E8BD295009E2E98 /* XCRemoteSwiftPackageReference "swift-openapi-generator" */,
			);
			preferredProjectObjectVersion = 77;
			productRefGroup = 33238C832E8A7DC100002BCC /* Products */;
			projectDirPath = "";
			projectRoot = "";
			targets = (
				33238C812E8A7DC100002BCC /* Travel Schedule */,
				33238C912E8A7DC300002BCC /* Travel ScheduleTests */,
				33238C9B2E8A7DC300002BCC /* Travel ScheduleUITests */,
			);
		};
/* End PBXProject section */

/* Begin PBXResourcesBuildPhase section */
		33238C802E8A7DC100002BCC /* Resources */ = {
			isa = PBXResourcesBuildPhase;
			buildActionMask = 2147483647;
			files = (
				33D0B0102E8C000100000010 /* Travel Schedule/Assets.xcassets in Resources */,
				33D0B0132E8C000100000013 /* Travel Schedule/LaunchScreen.storyboard in Resources */,
			);
			runOnlyForDeploymentPostprocessing = 0;
		};
		33238C902E8A7DC300002BCC /* Resources */ = {
			isa = PBXResourcesBuildPhase;
			buildActionMask = 2147483647;
			files = (
			);
			runOnlyForDeploymentPostprocessing = 0;
		};
		33238C9A2E8A7DC300002BCC /* Resources */ = {
			isa = PBXResourcesBuildPhase;
			buildActionMask = 2147483647;
			files = (
			);
			runOnlyForDeploymentPostprocessing = 0;
		};
/* End PBXResourcesBuildPhase section */

/* Begin PBXSourcesBuildPhase section */
		33238C7E2E8A7DC100002BCC /* Sources */ = {
			isa = PBXSourcesBuildPhase;
			buildActionMask = 2147483647;
			files = (
				33D0B0012E8C000100000001 /* Travel Schedule/Travel_ScheduleApp.swift in Sources */,
				33D0B0022E8C000100000002 /* Travel Schedule/Views/ContentView.swift in Sources */,
				33D0B0032E8C000100000003 /* Travel Schedule/Services/AllStationsService.swift in Sources */,
				33D0B0042E8C000100000004 /* Travel Schedule/Services/CarrierService.swift in Sources */,
				33D0B0052E8C000100000005 /* Travel Schedule/Services/CopyrightService.swift in Sources */,
				33D0B0062E8C000100000006 /* Travel Schedule/Services/NearestCityService.swift in Sources */,
				33D0B0072E8C000100000007 /* Travel Schedule/Services/NearestStationsService.swift in Sources */,
				33D0B0082E8C000100000008 /* Travel Schedule/Services/ScheduleService.swift in Sources */,
				33D0B0092E8C000100000009 /* Travel Schedule/Services/SearchService.swift in Sources */,
				33D0B00A2E8C00010000000A /* Travel Schedule/Services/ThreadService.swift in Sources */,
				33D0B00B2E8C00010000000B /* Travel Schedule/Generated/Client.swift in Sources */,
				33D0B00C2E8C00010000000C /* Travel Schedule/Generated/Types.swift in Sources */,
				33D0B00F2E8C00010000000F /* Travel Schedule/Views/MainScreenView.swift in Sources */,
				33D0B0112E8C000100000011 /* Travel Schedule/Views/SettingsScreenView.swift in Sources */,
				33D0B0122E8C000100000012 /* Travel Schedule/Services/DirectoryService.swift in Sources */,
				33D0B0142E8C000100000014 /* Travel Schedule/Views/CarriersViewModel.swift in Sources */,
				33D0B0152E8C000100000015 /* Travel Schedule/Views/CarrierCardView.swift in Sources */,
				33D0B0162E8C000100000016 /* Travel Schedule/Views/CarriersScreenView.swift in Sources */,
			);
			runOnlyForDeploymentPostprocessing = 0;
		};
		33238C8E2E8A7DC300002BCC /* Sources */ = {
			isa = PBXSourcesBuildPhase;
			buildActionMask = 2147483647;
			files = (
			);
			runOnlyForDeploymentPostprocessing = 0;
		};
		33238C982E8A7DC300002BCC /* Sources */ = {
			isa = PBXSourcesBuildPhase;
			buildActionMask = 2147483647;
			files = (
			);
			runOnlyForDeploymentPostprocessing = 0;
		};
/* End PBXSourcesBuildPhase section */

/* Begin PBXTargetDependency section */
		33238C942E8A7DC300002BCC /* PBXTargetDependency */ = {
			isa = PBXTargetDependency;
			target = 33238C812E8A7DC100002BCC /* Travel Schedule */;
			targetProxy = 33238C932E8A7DC300002BCC /* PBXContainerItemProxy */;
		};
		33238C9E2E8A7DC300002BCC /* PBXTargetDependency */ = {
			isa = PBXTargetDependency;
			target = 33238C812E8A7DC100002BCC /* Travel Schedule */;
			targetProxy = 33238C9D2E8A7DC300002BCC /* PBXContainerItemProxy */;
		};
/* End PBXTargetDependency section */

/* Begin XCBuildConfiguration section */
		33238CA42E8A7DC300002BCC /* Debug */ = {
			isa = XCBuildConfiguration;
			buildSettings = {
				ALWAYS_SEARCH_USER_PATHS = NO;
				ASSETCATALOG_COMPILER_GENERATE_SWIFT_ASSET_SYMBOL_EXTENSIONS = YES;
				CLANG_ANALYZER_NONNULL = YES;
				CLANG_ANALYZER_NUMBER_OBJECT_CONVERSION = YES_AGGRESSIVE;
				CLANG_CXX_LANGUAGE_STANDARD = "gnu++20";
				CLANG_ENABLE_MODULES = YES;
				CLANG_ENABLE_OBJC_ARC = YES;
				CLANG_ENABLE_OBJC_WEAK = YES;
				CLANG_WARN_BLOCK_CAPTURE_AUTORELEASING = YES;
				CLANG_WARN_BOOL_CONVERSION = YES;
				CLANG_WARN_COMMA = YES;
				CLANG_WARN_CONSTANT_CONVERSION = YES;
				CLANG_WARN_DEPRECATED_OBJC_IMPLEMENTATIONS = YES;
				CLANG_WARN_DIRECT_OBJC_ISA_USAGE = YES_ERROR;
				CLANG_WARN_DOCUMENTATION_COMMENTS = YES;
				CLANG_WARN_EMPTY_BODY = YES;
				CLANG_WARN_ENUM_CONVERSION = YES;
				CLANG_WARN_INFINITE_RECURSION = YES;
				CLANG_WARN_INT_CONVERSION = YES;
				CLANG_WARN_NON_LITERAL_NULL_CONVERSION = YES;
				CLANG_WARN_OBJC_IMPLICIT_RETAIN_SELF = YES;
				CLANG_WARN_OBJC_LITERAL_CONVERSION = YES;
				CLANG_WARN_OBJC_ROOT_CLASS = YES_ERROR;
				CLANG_WARN_QUOTED_INCLUDE_IN_FRAMEWORK_HEADER = YES;
				CLANG_WARN_RANGE_LOOP_ANALYSIS = YES;
				CLANG_WARN_STRICT_PROTOTYPES = YES;
				CLANG_WARN_SUSPICIOUS_MOVE = YES;
				CLANG_WARN_UNGUARDED_AVAILABILITY = YES_AGGRESSIVE;
				CLANG_WARN_UNREACHABLE_CODE = YES;
				CLANG_WARN__DUPLICATE_METHOD_MATCH = YES;
				COPY_PHASE_STRIP = NO;
				DEBUG_INFORMATION_FORMAT = dwarf;
				ENABLE_STRICT_OBJC_MSGSEND = YES;
				ENABLE_TESTABILITY = YES;
				ENABLE_USER_SCRIPT_SANDBOXING = YES;
				GCC_C_LANGUAGE_STANDARD = gnu17;
				GCC_DYNAMIC_NO_PIC = NO;
				GCC_NO_COMMON_BLOCKS = YES;
				GCC_OPTIMIZATION_LEVEL = 0;
				GCC_PREPROCESSOR_DEFINITIONS = (
					"DEBUG=1",
					"$(inherited)",
				);
				GCC_WARN_64_TO_32_BIT_CONVERSION = YES;
				GCC_WARN_ABOUT_RETURN_TYPE = YES_ERROR;
				GCC_WARN_UNDECLARED_SELECTOR = YES;
				GCC_WARN_UNINITIALIZED_AUTOS = YES_AGGRESSIVE;
				GCC_WARN_UNUSED_FUNCTION = YES;
				GCC_WARN_UNUSED_VARIABLE = YES;
				IPHONEOS_DEPLOYMENT_TARGET = 18.2;
				LOCALIZATION_PREFERS_STRING_CATALOGS = YES;
				MTL_ENABLE_DEBUG_INFO = INCLUDE_SOURCE;
				MTL_FAST_MATH = YES;
				ONLY_ACTIVE_ARCH = YES;
				SDKROOT = iphoneos;
				SWIFT_ACTIVE_COMPILATION_CONDITIONS = "DEBUG $(inherited)";
				SWIFT_OPTIMIZATION_LEVEL = "-Onone";
			};
			name = Debug;
		};
		33238CA52E8A7DC300002BCC /* Release */ = {
			isa = XCBuildConfiguration;
			buildSettings = {
				ALWAYS_SEARCH_USER_PATHS = NO;
				ASSETCATALOG_COMPILER_GENERATE_SWIFT_ASSET_SYMBOL_EXTENSIONS = YES;
				CLANG_ANALYZER_NONNULL = YES;
				CLANG_ANALYZER_NUMBER_OBJECT_CONVERSION = YES_AGGRESSIVE;
				CLANG_CXX_LANGUAGE_STANDARD = "gnu++20";
				CLANG_ENABLE_MODULES = YES;
				CLANG_ENABLE_OBJC_ARC = YES;
				CLANG_ENABLE_OBJC_WEAK = YES;
				CLANG_WARN_BLOCK_CAPTURE_AUTORELEASING = YES;
				CLANG_WARN_BOOL_CONVERSION = YES;
				CLANG_WARN_COMMA = YES;
				CLANG_WARN_CONSTANT_CONVERSION = YES;
				CLANG_WARN_DEPRECATED_OBJC_IMPLEMENTATIONS = YES;
				CLANG_WARN_DIRECT_OBJC_ISA_USAGE = YES_ERROR;
				CLANG_WARN_DOCUMENTATION_COMMENTS = YES;
				CLANG_WARN_EMPTY_BODY = YES;
				CLANG_WARN_ENUM_CONVERSION = YES;
				CLANG_WARN_INFINITE_RECURSION = YES;
				CLANG_WARN_INT_CONVERSION = YES;
				CLANG_WARN_NON_LITERAL_NULL_CONVERSION = YES;
				CLANG_WARN_OBJC_IMPLICIT_RETAIN_SELF = YES;
				CLANG_WARN_OBJC_LITERAL_CONVERSION = YES;
				CLANG_WARN_OBJC_ROOT_CLASS = YES_ERROR;
				CLANG_WARN_QUOTED_INCLUDE_IN_FRAMEWORK_HEADER = YES;
				CLANG_WARN_RANGE_LOOP_ANALYSIS = YES;
				CLANG_WARN_STRICT_PROTOTYPES = YES;
				CLANG_WARN_SUSPICIOUS_MOVE = YES;
				CLANG_WARN_UNGUARDED_AVAILABILITY = YES_AGGRESSIVE;
				CLANG_WARN_UNREACHABLE_CODE = YES;
				CLANG_WARN__DUPLICATE_METHOD_MATCH = YES;
				COPY_PHASE_STRIP = NO;
				DEBUG_INFORMATION_FORMAT = "dwarf-with-dsym";
				ENABLE_NS_ASSERTIONS = NO;
				ENABLE_STRICT_OBJC_MSGSEND = YES;
				ENABLE_USER_SCRIPT_SANDBOXING = YES;
				GCC_C_LANGUAGE_STANDARD = gnu17;
				GCC_NO_COMMON_BLOCKS = YES;
				GCC_WARN_64_TO_32_BIT_CONVERSION = YES;
				GCC_WARN_ABOUT_RETURN_TYPE = YES_ERROR;
				GCC_WARN_UNDECLARED_SELECTOR = YES;
				GCC_WARN_UNINITIALIZED_AUTOS = YES_AGGRESSIVE;
				GCC_WARN_UNUSED_FUNCTION = YES;
				GCC_WARN_UNUSED_VARIABLE = YES;
				IPHONEOS_DEPLOYMENT_TARGET = 18.2;
				LOCALIZATION_PREFERS_STRING_CATALOGS = YES;
				MTL_ENABLE_DEBUG_INFO = NO;
				MTL_FAST_MATH = YES;
				SDKROOT = iphoneos;
				SWIFT_COMPILATION_MODE = wholemodule;
				VALIDATE_PRODUCT = YES;
			};
			name = Release;
		};
		33238CA72E8A7DC300002BCC /* Debug */ = {
			isa = XCBuildConfiguration;
			buildSettings = {
				ASSETCATALOG_COMPILER_APPICON_NAME = AppIcon;
				ASSETCATALOG_COMPILER_GLOBAL_ACCENT_COLOR_NAME = AccentColor;
				CODE_SIGN_STYLE = Automatic;
				CURRENT_PROJECT_VERSION = 1;
				DEVELOPMENT_TEAM = TDZSZ2LF4X;
				ENABLE_PREVIEWS = YES;
				GENERATE_INFOPLIST_FILE = YES;
				INFOPLIST_KEY_UIApplicationSceneManifest_Generation = YES;
				INFOPLIST_KEY_UIApplicationSupportsIndirectInputEvents = YES;
				INFOPLIST_KEY_UILaunchStoryboardName = LaunchScreen;
				INFOPLIST_KEY_UISupportedInterfaceOrientations_iPad = "UIInterfaceOrientationPortrait UIInterfaceOrientationPortraitUpsideDown UIInterfaceOrientationLandscapeLeft UIInterfaceOrientationLandscapeRight";
				INFOPLIST_KEY_UISupportedInterfaceOrientations_iPhone = "UIInterfaceOrientationPortrait UIInterfaceOrientationLandscapeLeft UIInterfaceOrientationLandscapeRight";
				IPHONEOS_DEPLOYMENT_TARGET = 17.0;
				LD_RUNPATH_SEARCH_PATHS = (
					"$(inherited)",
					"@executable_path/Frameworks",
				);
				MARKETING_VERSION = 1.0;
				PRODUCT_BUNDLE_IDENTIFIER = "ru.yandex.practicum.Travel-Schedule";
				PRODUCT_NAME = "$(TARGET_NAME)";
				SWIFT_EMIT_LOC_STRINGS = YES;
				SWIFT_VERSION = 5.0;
				TARGETED_DEVICE_FAMILY = "1,2";
			};
			name = Debug;
		};
		33238CA82E8A7DC300002BCC /* Release */ = {
			isa = XCBuildConfiguration;
			buildSettings = {
				ASSETCATALOG_COMPILER_APPICON_NAME = AppIcon;
				ASSETCATALOG_COMPILER_GLOBAL_ACCENT_COLOR_NAME = AccentColor;
				CODE_SIGN_STYLE = Automatic;
				CURRENT_PROJECT_VERSION = 1;
				DEVELOPMENT_TEAM = TDZSZ2LF4X;
				ENABLE_PREVIEWS = YES;
				GENERATE_INFOPLIST_FILE = YES;
				INFOPLIST_KEY_UIApplicationSceneManifest_Generation = YES;
				INFOPLIST_KEY_UIApplicationSupportsIndirectInputEvents = YES;
				INFOPLIST_KEY_UILaunchStoryboardName = LaunchScreen;
				INFOPLIST_KEY_UISupportedInterfaceOrientations_iPad = "UIInterfaceOrientationPortrait UIInterfaceOrientationPortraitUpsideDown UIInterfaceOrientationLandscapeLeft UIInterfaceOrientationLandscapeRight";
				INFOPLIST_KEY_UISupportedInterfaceOrientations_iPhone = "UIInterfaceOrientationPortrait UIInterfaceOrientationLandscapeLeft UIInterfaceOrientationLandscapeRight";
				IPHONEOS_DEPLOYMENT_TARGET = 17.0;
				LD_RUNPATH_SEARCH_PATHS = (
					"$(inherited)",
					"@executable_path/Frameworks",
				);
				MARKETING_VERSION = 1.0;
				PRODUCT_BUNDLE_IDENTIFIER = "ru.yandex.practicum.Travel-Schedule";
				PRODUCT_NAME = "$(TARGET_NAME)";
				SWIFT_EMIT_LOC_STRINGS = YES;
				SWIFT_VERSION = 5.0;
				TARGETED_DEVICE_FAMILY = "1,2";
			};
			name = Release;
		};
		33238CAA2E8A7DC300002BCC /* Debug */ = {
			isa = XCBuildConfiguration;
			buildSettings = {
				BUNDLE_LOADER = "$(TEST_HOST)";
				CODE_SIGN_STYLE = Automatic;
				CURRENT_PROJECT_VERSION = 1;
				DEVELOPMENT_TEAM = TDZSZ2LF4X;
				GENERATE_INFOPLIST_FILE = YES;
				IPHONEOS_DEPLOYMENT_TARGET = 18.2;
				MARKETING_VERSION = 1.0;
				PRODUCT_BUNDLE_IDENTIFIER = "ru.yandex.practicum.Travel-ScheduleTests";
				PRODUCT_NAME = "$(TARGET_NAME)";
				SWIFT_EMIT_LOC_STRINGS = NO;
				SWIFT_VERSION = 5.0;
				TARGETED_DEVICE_FAMILY = "1,2";
				TEST_HOST = "$(BUILT_PRODUCTS_DIR)/Travel Schedule.app/$(BUNDLE_EXECUTABLE_FOLDER_PATH)/Travel Schedule";
			};
			name = Debug;
		};
		33238CAB2E8A7DC300002BCC /* Release */ = {
			isa = XCBuildConfiguration;
			buildSettings = {
				BUNDLE_LOADER = "$(TEST_HOST)";
				CODE_SIGN_STYLE = Automatic;
				CURRENT_PROJECT_VERSION = 1;
				DEVELOPMENT_TEAM = TDZSZ2LF4X;
				GENERATE_INFOPLIST_FILE = YES;
				IPHONEOS_DEPLOYMENT_TARGET = 18.2;
				MARKETING_VERSION = 1.0;
				PRODUCT_BUNDLE_IDENTIFIER = "ru.yandex.practicum.Travel-ScheduleTests";
				PRODUCT_NAME = "$(TARGET_NAME)";
				SWIFT_EMIT_LOC_STRINGS = NO;
				SWIFT_VERSION = 5.0;
				TARGETED_DEVICE_FAMILY = "1,2";
				TEST_HOST = "$(BUILT_PRODUCTS_DIR)/Travel Schedule.app/$(BUNDLE_EXECUTABLE_FOLDER_PATH)/Travel Schedule";
			};
			name = Release;
		};
		33238CAD2E8A7DC300002BCC /* Debug */ = {
			isa = XCBuildConfiguration;
			buildSettings = {
				CODE_SIGN_STYLE = Automatic;
				CURRENT_PROJECT_VERSION = 1;
				DEVELOPMENT_TEAM = TDZSZ2LF4X;
				GENERATE_INFOPLIST_FILE = YES;
				MARKETING_VERSION = 1.0;
				PRODUCT_BUNDLE_IDENTIFIER = "ru.yandex.practicum.Travel-ScheduleUITests";
				PRODUCT_NAME = "$(TARGET_NAME)";
				SWIFT_EMIT_LOC_STRINGS = NO;
				SWIFT_VERSION = 5.0;
				TARGETED_DEVICE_FAMILY = "1,2";
				TEST_TARGET_NAME = "Travel Schedule";
			};
			name = Debug;
		};
		33238CAE2E8A7DC300002BCC /* Release */ = {
			isa = XCBuildConfiguration;
			buildSettings = {
				CODE_SIGN_STYLE = Automatic;
				CURRENT_PROJECT_VERSION = 1;
				DEVELOPMENT_TEAM = TDZSZ2LF4X;
				GENERATE_INFOPLIST_FILE = YES;
				MARKETING_VERSION = 1.0;
				PRODUCT_BUNDLE_IDENTIFIER = "ru.yandex.practicum.Travel-ScheduleUITests";
				PRODUCT_NAME = "$(TARGET_NAME)";
				SWIFT_EMIT_LOC_STRINGS = NO;
				SWIFT_VERSION = 5.0;
				TARGETED_DEVICE_FAMILY = "1,2";
				TEST_TARGET_NAME = "Travel Schedule";
			};
			name = Release;
		};
/* End XCBuildConfiguration section */

/* Begin XCConfigurationList section */
		33238C7D2E8A7DC100002BCC /* Build configuration list for PBXProject "Travel Schedule" */ = {
			isa = XCConfigurationList;
			buildConfigurations = (
				33238CA42E8A7DC300002BCC /* Debug */,
				33238CA52E8A7DC300002BCC /* Release */,
			);
			defaultConfigurationIsVisible = 0;
			defaultConfigurationName = Release;
		};
		33238CA62E8A7DC300002BCC /* Build configuration list for PBXNativeTarget "Travel Schedule" */ = {
			isa = XCConfigurationList;
			buildConfigurations = (
				33238CA72E8A7DC300002BCC /* Debug */,
				33238CA82E8A7DC300002BCC /* Release */,
			);
			defaultConfigurationIsVisible = 0;
			defaultConfigurationName = Release;
		};
		33238CA92E8A7DC300002BCC /* Build configuration list for PBXNativeTarget "Travel ScheduleTests" */ = {
			isa = XCConfigurationList;
			buildConfigurations = (
				33238CAA2E8A7DC300002BCC /* Debug */,
				33238CAB2E8A7DC300002BCC /* Release */,
			);
			defaultConfigurationIsVisible = 0;
			defaultConfigurationName = Release;
		};
		33238CAC2E8A7DC300002BCC /* Build configuration list for PBXNativeTarget "Travel ScheduleUITests" */ = {
			isa = XCConfigurationList;
			buildConfigurations = (
				33238CAD2E8A7DC300002BCC /* Debug */,
				33238CAE2E8A7DC300002BCC /* Release */,
			);
			defaultConfigurationIsVisible = 0;
			defaultConfigurationName = Release;
		};
/* End XCConfigurationList section */

/* Begin XCRemoteSwiftPackageReference section */
		33C1161A2E8BD010009E2E98 /* XCRemoteSwiftPackageReference "swift-openapi-runtime" */ = {
			isa = XCRemoteSwiftPackageReference;
			repositoryURL = "https://github.com/apple/swift-openapi-runtime";
			requirement = {
				kind = upToNextMajorVersion;
				minimumVersion = 1.8.3;
			};
		};
		33C1161D2E8BD028009E2E98 /* XCRemoteSwiftPackageReference "swift-openapi-urlsession" */ = {
			isa = XCRemoteSwiftPackageReference;
			repositoryURL = "https://github.com/apple/swift-openapi-urlsession";
			requirement = {
				kind = upToNextMajorVersion;
				minimumVersion = 1.1.0;
			};
		};
		33C1162A2E8BD295009E2E98 /* XCRemoteSwiftPackageReference "swift-openapi-generator" */ = {
			isa = XCRemoteSwiftPackageReference;
			repositoryURL = "https://github.com/apple/swift-openapi-generator";
			requirement = {
				kind = upToNextMajorVersion;
				minimumVersion = 1.10.3;
			};
		};
/* End XCRemoteSwiftPackageReference section */

/* Begin XCSwiftPackageProductDependency section */
		33C1161B2E8BD010009E2E98 /* OpenAPIRuntime */ = {
			isa = XCSwiftPackageProductDependency;
			package = 33C1161A2E8BD010009E2E98 /* XCRemoteSwiftPackageReference "swift-openapi-runtime" */;
			productName = OpenAPIRuntime;
		};
		33C1161E2E8BD028009E2E98 /* OpenAPIURLSession */ = {
			isa = XCSwiftPackageProductDependency;
			package = 33C1161D2E8BD028009E2E98 /* XCRemoteSwiftPackageReference "swift-openapi-urlsession" */;
			productName = OpenAPIURLSession;
		};
/* End XCSwiftPackageProductDependency section */
	};
	rootObject = 33238C7A2E8A7DC100002BCC /* Project object */;
}
